
Microsoft Visual Studio Solution File, Format Version 12.00
# Visual Studio Version 16
VisualStudioVersion = 16.0.31019.35
MinimumVisualStudioVersion = 10.0.40219.1
Project("{FAE04EC0-301F-11D3-BF4B-00C04F79EFBC}") = "IronRSLCounterClient", "IronRSLCounterClient.csproj", "{A154E4D2-1C7D-47EF-BAE7-B802C50DB10E}"
EndProject
Global
	GlobalSection(SolutionConfigurationPlatforms) = preSolution
		Debug|Any CPU = Debug|Any CPU
		Release|Any CPU = Release|Any CPU
	EndGlobalSection
	GlobalSection(ProjectConfigurationPlatforms) = postSolution
		{A154E4D2-1C7D-47EF-BAE7-B802C50DB10E}.Debug|Any CPU.ActiveCfg = Debug|Any CPU
		{A154E4D2-1C7D-47EF-BAE7-B802C50DB10E}.Debug|Any CPU.Build.0 = Debug|Any CPU
		{A154E4D2-1C7D-47EF-BAE7-B802C50DB10E}.Release|Any CPU.ActiveCfg = Release|Any CPU
		{A154E4D2-1C7D-47EF-BAE7-B802C50DB10E}.Release|Any CPU.Build.0 = Release|Any CPU
	EndGlobalSection
	GlobalSection(SolutionProperties) = preSolution
		HideSolutionNode = FALSE
	EndGlobalSection
	GlobalSection(ExtensibilityGlobals) = postSolution
		SolutionGuid = {1CE7BF3F-5BCC-4D62-8CD7-273A890D9E66}
	EndGlobalSection
EndGlobal
