
Microsoft Visual Studio Solution File, Format Version 12.00
# Visual Studio 2013
VisualStudioVersion = 12.0.30110.0
MinimumVisualStudioVersion = 10.0.40219.1
Project("{FAE04EC0-301F-11D3-BF4B-00C04F79EFBC}") = "UdpEchoClient", "UdpEchoClient\UdpEchoClient.csproj", "{FA18D21B-EB2B-4ACE-B4A7-BC77D3836077}"
EndProject
Global
	GlobalSection(SolutionConfigurationPlatforms) = preSolution
		Debug|Any CPU = Debug|Any CPU
		Debug|x86 = Debug|x86
		Release|Any CPU = Release|Any CPU
		Release|x86 = Release|x86
	EndGlobalSection
	GlobalSection(ProjectConfigurationPlatforms) = postSolution
		{FA18D21B-EB2B-4ACE-B4A7-BC77D3836077}.Debug|Any CPU.ActiveCfg = Debug|Any CPU
		{FA18D21B-EB2B-4ACE-B4A7-BC77D3836077}.Debug|Any CPU.Build.0 = Debug|Any CPU
		{FA18D21B-EB2B-4ACE-B4A7-BC77D3836077}.Debug|x86.ActiveCfg = Debug|x86
		{FA18D21B-EB2B-4ACE-B4A7-BC77D3836077}.Debug|x86.Build.0 = Debug|x86
		{FA18D21B-EB2B-4ACE-B4A7-BC77D3836077}.Release|Any CPU.ActiveCfg = Release|Any CPU
		{FA18D21B-EB2B-4ACE-B4A7-BC77D3836077}.Release|Any CPU.Build.0 = Release|Any CPU
		{FA18D21B-EB2B-4ACE-B4A7-BC77D3836077}.Release|x86.ActiveCfg = Release|x86
		{FA18D21B-EB2B-4ACE-B4A7-BC77D3836077}.Release|x86.Build.0 = Release|x86
	EndGlobalSection
	GlobalSection(SolutionProperties) = preSolution
		HideSolutionNode = FALSE
	EndGlobalSection
EndGlobal
