
Microsoft Visual Studio Solution File, Format Version 12.00
# Visual Studio 2013
VisualStudioVersion = 12.0.31101.0
MinimumVisualStudioVersion = 10.0.40219.1
Project("{FAE04EC0-301F-11D3-BF4B-00C04F79EFBC}") = "IronfleetClient", "IronfleetClient\IronfleetClient.csproj", "{C43F5717-69F7-465E-887D-6FC956E854FC}"
EndProject
Global
	GlobalSection(SolutionConfigurationPlatforms) = preSolution
		Debug|Any CPU = Debug|Any CPU
		Release|Any CPU = Release|Any CPU
	EndGlobalSection
	GlobalSection(ProjectConfigurationPlatforms) = postSolution
		{C43F5717-69F7-465E-887D-6FC956E854FC}.Debug|Any CPU.ActiveCfg = Debug|Any CPU
		{C43F5717-69F7-465E-887D-6FC956E854FC}.Debug|Any CPU.Build.0 = Debug|Any CPU
		{C43F5717-69F7-465E-887D-6FC956E854FC}.Release|Any CPU.ActiveCfg = Release|Any CPU
		{C43F5717-69F7-465E-887D-6FC956E854FC}.Release|Any CPU.Build.0 = Release|Any CPU
	EndGlobalSection
	GlobalSection(SolutionProperties) = preSolution
		HideSolutionNode = FALSE
	EndGlobalSection
EndGlobal
